
Microsoft Visual Studio Solution File, Format Version 12.00
# Visual Studio Version 17
VisualStudioVersion = 17.4.33213.308
MinimumVisualStudioVersion = 10.0.40219.1
Project("{8BC9CEB8-8B4A-11D0-8D11-00A0C91BC942}") = "90-b1", "汉诺塔大作业\汉诺塔大作业.vcxproj", "{FB912885-20F5-4254-AACF-D25887718D16}"
EndProject
Project("{8BC9CEB8-8B4A-11D0-8D11-00A0C91BC942}") = "test-cct", "test-cct\test-cct.vcxproj", "{777B0136-92D2-4D1C-B679-CFE56A73142A}"
EndProject
Project("{8BC9CEB8-8B4A-11D0-8D11-00A0C91BC942}") = "cpptest1", "cpptest1\cpptest1.vcxproj", "{AEF4560B-5258-4F96-BE44-D88C4F18FF2C}"
EndProject
Project("{8BC9CEB8-8B4A-11D0-8D11-00A0C91BC942}") = "cpptest2", "cpptest2\cpptest2.vcxproj", "{B3CF9AAD-6AF3-45F7-A602-7F30A5D663F9}"
EndProject
Project("{8BC9CEB8-8B4A-11D0-8D11-00A0C91BC942}") = "cpptest3", "cpptest3\cpptest3.vcxproj", "{296E5E32-6FDC-4645-B318-34D3B8C9C288}"
EndProject
Global
	GlobalSection(SolutionConfigurationPlatforms) = preSolution
		Debug|x64 = Debug|x64
		Debug|x86 = Debug|x86
		Release|x64 = Release|x64
		Release|x86 = Release|x86
	EndGlobalSection
	GlobalSection(ProjectConfigurationPlatforms) = postSolution
		{FB912885-20F5-4254-AACF-D25887718D16}.Debug|x64.ActiveCfg = Debug|x64
		{FB912885-20F5-4254-AACF-D25887718D16}.Debug|x64.Build.0 = Debug|x64
		{FB912885-20F5-4254-AACF-D25887718D16}.Debug|x86.ActiveCfg = Debug|Win32
		{FB912885-20F5-4254-AACF-D25887718D16}.Debug|x86.Build.0 = Debug|Win32
		{FB912885-20F5-4254-AACF-D25887718D16}.Release|x64.ActiveCfg = Release|x64
		{FB912885-20F5-4254-AACF-D25887718D16}.Release|x64.Build.0 = Release|x64
		{FB912885-20F5-4254-AACF-D25887718D16}.Release|x86.ActiveCfg = Release|Win32
		{FB912885-20F5-4254-AACF-D25887718D16}.Release|x86.Build.0 = Release|Win32
		{777B0136-92D2-4D1C-B679-CFE56A73142A}.Debug|x64.ActiveCfg = Debug|x64
		{777B0136-92D2-4D1C-B679-CFE56A73142A}.Debug|x64.Build.0 = Debug|x64
		{777B0136-92D2-4D1C-B679-CFE56A73142A}.Debug|x86.ActiveCfg = Debug|Win32
		{777B0136-92D2-4D1C-B679-CFE56A73142A}.Debug|x86.Build.0 = Debug|Win32
		{777B0136-92D2-4D1C-B679-CFE56A73142A}.Release|x64.ActiveCfg = Release|x64
		{777B0136-92D2-4D1C-B679-CFE56A73142A}.Release|x64.Build.0 = Release|x64
		{777B0136-92D2-4D1C-B679-CFE56A73142A}.Release|x86.ActiveCfg = Release|Win32
		{777B0136-92D2-4D1C-B679-CFE56A73142A}.Release|x86.Build.0 = Release|Win32
		{AEF4560B-5258-4F96-BE44-D88C4F18FF2C}.Debug|x64.ActiveCfg = Debug|x64
		{AEF4560B-5258-4F96-BE44-D88C4F18FF2C}.Debug|x64.Build.0 = Debug|x64
		{AEF4560B-5258-4F96-BE44-D88C4F18FF2C}.Debug|x86.ActiveCfg = Debug|Win32
		{AEF4560B-5258-4F96-BE44-D88C4F18FF2C}.Debug|x86.Build.0 = Debug|Win32
		{AEF4560B-5258-4F96-BE44-D88C4F18FF2C}.Release|x64.ActiveCfg = Release|x64
		{AEF4560B-5258-4F96-BE44-D88C4F18FF2C}.Release|x64.Build.0 = Release|x64
		{AEF4560B-5258-4F96-BE44-D88C4F18FF2C}.Release|x86.ActiveCfg = Release|Win32
		{AEF4560B-5258-4F96-BE44-D88C4F18FF2C}.Release|x86.Build.0 = Release|Win32
		{B3CF9AAD-6AF3-45F7-A602-7F30A5D663F9}.Debug|x64.ActiveCfg = Debug|x64
		{B3CF9AAD-6AF3-45F7-A602-7F30A5D663F9}.Debug|x64.Build.0 = Debug|x64
		{B3CF9AAD-6AF3-45F7-A602-7F30A5D663F9}.Debug|x86.ActiveCfg = Debug|Win32
		{B3CF9AAD-6AF3-45F7-A602-7F30A5D663F9}.Debug|x86.Build.0 = Debug|Win32
		{B3CF9AAD-6AF3-45F7-A602-7F30A5D663F9}.Release|x64.ActiveCfg = Release|x64
		{B3CF9AAD-6AF3-45F7-A602-7F30A5D663F9}.Release|x64.Build.0 = Release|x64
		{B3CF9AAD-6AF3-45F7-A602-7F30A5D663F9}.Release|x86.ActiveCfg = Release|Win32
		{B3CF9AAD-6AF3-45F7-A602-7F30A5D663F9}.Release|x86.Build.0 = Release|Win32
		{296E5E32-6FDC-4645-B318-34D3B8C9C288}.Debug|x64.ActiveCfg = Debug|x64
		{296E5E32-6FDC-4645-B318-34D3B8C9C288}.Debug|x64.Build.0 = Debug|x64
		{296E5E32-6FDC-4645-B318-34D3B8C9C288}.Debug|x86.ActiveCfg = Debug|Win32
		{296E5E32-6FDC-4645-B318-34D3B8C9C288}.Debug|x86.Build.0 = Debug|Win32
		{296E5E32-6FDC-4645-B318-34D3B8C9C288}.Release|x64.ActiveCfg = Release|x64
		{296E5E32-6FDC-4645-B318-34D3B8C9C288}.Release|x64.Build.0 = Release|x64
		{296E5E32-6FDC-4645-B318-34D3B8C9C288}.Release|x86.ActiveCfg = Release|Win32
		{296E5E32-6FDC-4645-B318-34D3B8C9C288}.Release|x86.Build.0 = Release|Win32
	EndGlobalSection
	GlobalSection(SolutionProperties) = preSolution
		HideSolutionNode = FALSE
	EndGlobalSection
	GlobalSection(ExtensibilityGlobals) = postSolution
		SolutionGuid = {6253E738-35C1-4550-B580-B7F06FA7DEBE}
	EndGlobalSection
EndGlobal
