
Microsoft Visual Studio Solution File, Format Version 12.00
# Visual Studio Version 17
VisualStudioVersion = 17.4.33213.308
MinimumVisualStudioVersion = 10.0.40219.1
Project("{8BC9CEB8-8B4A-11D0-8D11-00A0C91BC942}") = "人民币大写(string类,一句输出)", "人民币大写(char数组,一句输出,C方式)\人民币大写(char数组,一句输出,C方式).vcxproj", "{4C6B6E0D-5623-4048-B0DB-5D3EAC2F5006}"
EndProject
Project("{8BC9CEB8-8B4A-11D0-8D11-00A0C91BC942}") = "一组字符串处理函数", "一组字符串处理函数\一组字符串处理函数.vcxproj", "{8A55BC69-3BAA-45B5-8FC4-6A07B77564D5}"
EndProject
Project("{8BC9CEB8-8B4A-11D0-8D11-00A0C91BC942}") = "扫雷内部数组生成", "扫雷内部数组生成\扫雷内部数组生成.vcxproj", "{25B0275C-502E-464B-845B-6CD31BAB9D82}"
EndProject
Project("{8BC9CEB8-8B4A-11D0-8D11-00A0C91BC942}") = "cpptest1", "cpptest1\cpptest1.vcxproj", "{173C759E-48F8-4B69-A844-952CBEB281B2}"
EndProject
Project("{8BC9CEB8-8B4A-11D0-8D11-00A0C91BC942}") = "一维数组统计", "一维数组统计\一维数组统计.vcxproj", "{42ABE134-A1D6-4F8C-996A-7FDE57906BEF}"
EndProject
Project("{8BC9CEB8-8B4A-11D0-8D11-00A0C91BC942}") = "杨辉三角形", "杨辉三角形\杨辉三角形.vcxproj", "{75FC9918-3B3C-4CEF-B5B2-38D70A273405}"
EndProject
Global
	GlobalSection(SolutionConfigurationPlatforms) = preSolution
		Debug|x64 = Debug|x64
		Debug|x86 = Debug|x86
		Release|x64 = Release|x64
		Release|x86 = Release|x86
	EndGlobalSection
	GlobalSection(ProjectConfigurationPlatforms) = postSolution
		{4C6B6E0D-5623-4048-B0DB-5D3EAC2F5006}.Debug|x64.ActiveCfg = Debug|x64
		{4C6B6E0D-5623-4048-B0DB-5D3EAC2F5006}.Debug|x64.Build.0 = Debug|x64
		{4C6B6E0D-5623-4048-B0DB-5D3EAC2F5006}.Debug|x86.ActiveCfg = Debug|Win32
		{4C6B6E0D-5623-4048-B0DB-5D3EAC2F5006}.Debug|x86.Build.0 = Debug|Win32
		{4C6B6E0D-5623-4048-B0DB-5D3EAC2F5006}.Release|x64.ActiveCfg = Release|x64
		{4C6B6E0D-5623-4048-B0DB-5D3EAC2F5006}.Release|x64.Build.0 = Release|x64
		{4C6B6E0D-5623-4048-B0DB-5D3EAC2F5006}.Release|x86.ActiveCfg = Release|Win32
		{4C6B6E0D-5623-4048-B0DB-5D3EAC2F5006}.Release|x86.Build.0 = Release|Win32
		{8A55BC69-3BAA-45B5-8FC4-6A07B77564D5}.Debug|x64.ActiveCfg = Debug|x64
		{8A55BC69-3BAA-45B5-8FC4-6A07B77564D5}.Debug|x64.Build.0 = Debug|x64
		{8A55BC69-3BAA-45B5-8FC4-6A07B77564D5}.Debug|x86.ActiveCfg = Debug|Win32
		{8A55BC69-3BAA-45B5-8FC4-6A07B77564D5}.Debug|x86.Build.0 = Debug|Win32
		{8A55BC69-3BAA-45B5-8FC4-6A07B77564D5}.Release|x64.ActiveCfg = Release|x64
		{8A55BC69-3BAA-45B5-8FC4-6A07B77564D5}.Release|x64.Build.0 = Release|x64
		{8A55BC69-3BAA-45B5-8FC4-6A07B77564D5}.Release|x86.ActiveCfg = Release|Win32
		{8A55BC69-3BAA-45B5-8FC4-6A07B77564D5}.Release|x86.Build.0 = Release|Win32
		{25B0275C-502E-464B-845B-6CD31BAB9D82}.Debug|x64.ActiveCfg = Debug|x64
		{25B0275C-502E-464B-845B-6CD31BAB9D82}.Debug|x64.Build.0 = Debug|x64
		{25B0275C-502E-464B-845B-6CD31BAB9D82}.Debug|x86.ActiveCfg = Debug|Win32
		{25B0275C-502E-464B-845B-6CD31BAB9D82}.Debug|x86.Build.0 = Debug|Win32
		{25B0275C-502E-464B-845B-6CD31BAB9D82}.Release|x64.ActiveCfg = Release|x64
		{25B0275C-502E-464B-845B-6CD31BAB9D82}.Release|x64.Build.0 = Release|x64
		{25B0275C-502E-464B-845B-6CD31BAB9D82}.Release|x86.ActiveCfg = Release|Win32
		{25B0275C-502E-464B-845B-6CD31BAB9D82}.Release|x86.Build.0 = Release|Win32
		{173C759E-48F8-4B69-A844-952CBEB281B2}.Debug|x64.ActiveCfg = Debug|x64
		{173C759E-48F8-4B69-A844-952CBEB281B2}.Debug|x64.Build.0 = Debug|x64
		{173C759E-48F8-4B69-A844-952CBEB281B2}.Debug|x86.ActiveCfg = Debug|Win32
		{173C759E-48F8-4B69-A844-952CBEB281B2}.Debug|x86.Build.0 = Debug|Win32
		{173C759E-48F8-4B69-A844-952CBEB281B2}.Release|x64.ActiveCfg = Release|x64
		{173C759E-48F8-4B69-A844-952CBEB281B2}.Release|x64.Build.0 = Release|x64
		{173C759E-48F8-4B69-A844-952CBEB281B2}.Release|x86.ActiveCfg = Release|Win32
		{173C759E-48F8-4B69-A844-952CBEB281B2}.Release|x86.Build.0 = Release|Win32
		{42ABE134-A1D6-4F8C-996A-7FDE57906BEF}.Debug|x64.ActiveCfg = Debug|x64
		{42ABE134-A1D6-4F8C-996A-7FDE57906BEF}.Debug|x64.Build.0 = Debug|x64
		{42ABE134-A1D6-4F8C-996A-7FDE57906BEF}.Debug|x86.ActiveCfg = Debug|Win32
		{42ABE134-A1D6-4F8C-996A-7FDE57906BEF}.Debug|x86.Build.0 = Debug|Win32
		{42ABE134-A1D6-4F8C-996A-7FDE57906BEF}.Release|x64.ActiveCfg = Release|x64
		{42ABE134-A1D6-4F8C-996A-7FDE57906BEF}.Release|x64.Build.0 = Release|x64
		{42ABE134-A1D6-4F8C-996A-7FDE57906BEF}.Release|x86.ActiveCfg = Release|Win32
		{42ABE134-A1D6-4F8C-996A-7FDE57906BEF}.Release|x86.Build.0 = Release|Win32
		{75FC9918-3B3C-4CEF-B5B2-38D70A273405}.Debug|x64.ActiveCfg = Debug|x64
		{75FC9918-3B3C-4CEF-B5B2-38D70A273405}.Debug|x64.Build.0 = Debug|x64
		{75FC9918-3B3C-4CEF-B5B2-38D70A273405}.Debug|x86.ActiveCfg = Debug|Win32
		{75FC9918-3B3C-4CEF-B5B2-38D70A273405}.Debug|x86.Build.0 = Debug|Win32
		{75FC9918-3B3C-4CEF-B5B2-38D70A273405}.Release|x64.ActiveCfg = Release|x64
		{75FC9918-3B3C-4CEF-B5B2-38D70A273405}.Release|x64.Build.0 = Release|x64
		{75FC9918-3B3C-4CEF-B5B2-38D70A273405}.Release|x86.ActiveCfg = Release|Win32
		{75FC9918-3B3C-4CEF-B5B2-38D70A273405}.Release|x86.Build.0 = Release|Win32
	EndGlobalSection
	GlobalSection(SolutionProperties) = preSolution
		HideSolutionNode = FALSE
	EndGlobalSection
	GlobalSection(ExtensibilityGlobals) = postSolution
		SolutionGuid = {6D40B1EB-DB7A-4ADF-8F50-4B85AA27665F}
	EndGlobalSection
EndGlobal
